
Microsoft Visual Studio Solution File, Format Version 12.00
# Visual Studio Version 17
VisualStudioVersion = 17.5.33516.290
MinimumVisualStudioVersion = 10.0.40219.1
Project("{FAE04EC0-301F-11D3-BF4B-00C04F79EFBC}") = "ChatApp", "ChatApp\ChatApp.csproj", "{D31103FF-AD59-4B61-9CC9-936B9D64DBB9}"
EndProject
Global
	GlobalSection(SolutionConfigurationPlatforms) = preSolution
		Debug|Any CPU = Debug|Any CPU
		Release|Any CPU = Release|Any CPU
	EndGlobalSection
	GlobalSection(ProjectConfigurationPlatforms) = postSolution
		{D31103FF-AD59-4B61-9CC9-936B9D64DBB9}.Debug|Any CPU.ActiveCfg = Debug|Any CPU
		{D31103FF-AD59-4B61-9CC9-936B9D64DBB9}.Debug|Any CPU.Build.0 = Debug|Any CPU
		{D31103FF-AD59-4B61-9CC9-936B9D64DBB9}.Release|Any CPU.ActiveCfg = Release|Any CPU
		{D31103FF-AD59-4B61-9CC9-936B9D64DBB9}.Release|Any CPU.Build.0 = Release|Any CPU
	EndGlobalSection
	GlobalSection(SolutionProperties) = preSolution
		HideSolutionNode = FALSE
	EndGlobalSection
	GlobalSection(ExtensibilityGlobals) = postSolution
		SolutionGuid = {451A958D-3AC7-4F95-AFE8-D99D67E01B78}
	EndGlobalSection
EndGlobal
